%{
  "circuits_i2c": {:hex, :circuits_i2c, "1.2.2", "1666bf1763fe60ab835462d13f04ca75b0de000a7d5b89e24d8f35a06ef6d097", [:make, :mix], [{:elixir_make, "~> 0.6", [hex: :elixir_make, repo: "hexpm", optional: false]}], "hexpm", "a7fffcb1bf128e4112b0734796f26b0b4f2359e4c60e86d9718c31834e10a343"},
  "elixir_make": {:hex, :elixir_make, "0.7.7", "7128c60c2476019ed978210c245badf08b03dbec4f24d05790ef791da11aa17c", [:mix], [{:castore, "~> 0.1 or ~> 1.0", [hex: :castore, repo: "hexpm", optional: true]}], "hexpm", "5bc19fff950fad52bbe5f211b12db9ec82c6b34a9647da0c2224b8b8464c7e6c"},
  "pi_glow": {:git, "https://github.com/wisq/pi_glow.git", "6a24fb77a0b7335caa827b3bf1397341867ff969", [tag: "main"]},
}
